// !$*UTF8*$!
{
	archiveVersion = 1;
	classes = {
	};
	objectVersion = 55;
	objects = {

/* Begin PBXBuildFile section */
		463120B8E7B7F8EA6F4DBF96 /* Pods_Coppel.framework in Frameworks */ = {isa = PBXBuildFile; fileRef = C01241E6FF38CA2555D5A988 /* Pods_Coppel.framework */; };
		7D0D4B2F2999C4D500DB7AB4 /* CompaniesCollectionViewCell.swift in Sources */ = {isa = PBXBuildFile; fileRef = 7D0D4B2D2999C4D500DB7AB4 /* CompaniesCollectionViewCell.swift */; };
		7D0D4B302999C4D500DB7AB4 /* CompaniesCollectionViewCell.xib in Resources */ = {isa = PBXBuildFile; fileRef = 7D0D4B2E2999C4D500DB7AB4 /* CompaniesCollectionViewCell.xib */; };
		7D0D4B322999D41C00DB7AB4 /* DetailViewForTV.swift in Sources */ = {isa = PBXBuildFile; fileRef = 7D0D4B312999D41C00DB7AB4 /* DetailViewForTV.swift */; };
		7D3A685E2994BFCC002DE4F5 /* AppDelegate.swift in Sources */ = {isa = PBXBuildFile; fileRef = 7D3A685D2994BFCC002DE4F5 /* AppDelegate.swift */; };
		7D3A68602994BFCC002DE4F5 /* SceneDelegate.swift in Sources */ = {isa = PBXBuildFile; fileRef = 7D3A685F2994BFCC002DE4F5 /* SceneDelegate.swift */; };
		7D3A68622994BFCC002DE4F5 /* ViewController.swift in Sources */ = {isa = PBXBuildFile; fileRef = 7D3A68612994BFCC002DE4F5 /* ViewController.swift */; };
		7D3A68652994BFCC002DE4F5 /* Main.storyboard in Resources */ = {isa = PBXBuildFile; fileRef = 7D3A68632994BFCC002DE4F5 /* Main.storyboard */; };
		7D3A68672994BFCE002DE4F5 /* Assets.xcassets in Resources */ = {isa = PBXBuildFile; fileRef = 7D3A68662994BFCE002DE4F5 /* Assets.xcassets */; };
		7D3A686A2994BFCE002DE4F5 /* LaunchScreen.storyboard in Resources */ = {isa = PBXBuildFile; fileRef = 7D3A68682994BFCE002DE4F5 /* LaunchScreen.storyboard */; };
		7D3A68782994D0D1002DE4F5 /* HomeViewController.swift in Sources */ = {isa = PBXBuildFile; fileRef = 7D3A68762994D0D1002DE4F5 /* HomeViewController.swift */; };
		7D3A68792994D0D1002DE4F5 /* HomeViewController.xib in Resources */ = {isa = PBXBuildFile; fileRef = 7D3A68772994D0D1002DE4F5 /* HomeViewController.xib */; };
		7D3A687B2994D101002DE4F5 /* HomeInteractor.swift in Sources */ = {isa = PBXBuildFile; fileRef = 7D3A687A2994D101002DE4F5 /* HomeInteractor.swift */; };
		7D3A687D2994D3EA002DE4F5 /* HomePresenter.swift in Sources */ = {isa = PBXBuildFile; fileRef = 7D3A687C2994D3EA002DE4F5 /* HomePresenter.swift */; };
		7D3A687F2994D3FA002DE4F5 /* HomeRouter.swift in Sources */ = {isa = PBXBuildFile; fileRef = 7D3A687E2994D3FA002DE4F5 /* HomeRouter.swift */; };
		7D3A68812994D40C002DE4F5 /* HomeEntity.swift in Sources */ = {isa = PBXBuildFile; fileRef = 7D3A68802994D40C002DE4F5 /* HomeEntity.swift */; };
		7D49BC792998250A009241A4 /* HomeOnTheAirEntity.swift in Sources */ = {isa = PBXBuildFile; fileRef = 7D49BC782998250A009241A4 /* HomeOnTheAirEntity.swift */; };
		7D49BC7C2998708B009241A4 /* DetailViewEntity.swift in Sources */ = {isa = PBXBuildFile; fileRef = 7D49BC7B2998708B009241A4 /* DetailViewEntity.swift */; };
		7D49BC7F299871C7009241A4 /* DetailViewInteractor.swift in Sources */ = {isa = PBXBuildFile; fileRef = 7D49BC7E299871C7009241A4 /* DetailViewInteractor.swift */; };
		7D49BC82299871E8009241A4 /* DetailViewPresenter.swift in Sources */ = {isa = PBXBuildFile; fileRef = 7D49BC81299871E8009241A4 /* DetailViewPresenter.swift */; };
		7D49BC8529987A22009241A4 /* DetailViewRouter.swift in Sources */ = {isa = PBXBuildFile; fileRef = 7D49BC8429987A22009241A4 /* DetailViewRouter.swift */; };
		7D49BC882998862F009241A4 /* HomeProtocols.swift in Sources */ = {isa = PBXBuildFile; fileRef = 7D49BC872998862F009241A4 /* HomeProtocols.swift */; };
		7D49BC8B2998A182009241A4 /* UserProfileEntity.swift in Sources */ = {isa = PBXBuildFile; fileRef = 7D49BC8A2998A182009241A4 /* UserProfileEntity.swift */; };
		7D49BC8E2998A33A009241A4 /* UserProfileInteractor.swift in Sources */ = {isa = PBXBuildFile; fileRef = 7D49BC8D2998A33A009241A4 /* UserProfileInteractor.swift */; };
		7D52067A29956866007C2D6F /* LoginViewController.swift in Sources */ = {isa = PBXBuildFile; fileRef = 7D52067829956866007C2D6F /* LoginViewController.swift */; };
		7D52067B29956866007C2D6F /* LoginViewController.xib in Resources */ = {isa = PBXBuildFile; fileRef = 7D52067929956866007C2D6F /* LoginViewController.xib */; };
		7D52068029956D3D007C2D6F /* DetailViewController.swift in Sources */ = {isa = PBXBuildFile; fileRef = 7D52067E29956D3D007C2D6F /* DetailViewController.swift */; };
		7D52068129956D3D007C2D6F /* DetailViewController.xib in Resources */ = {isa = PBXBuildFile; fileRef = 7D52067F29956D3D007C2D6F /* DetailViewController.xib */; };
		7D52068529956F5B007C2D6F /* UserProfileViewController.swift in Sources */ = {isa = PBXBuildFile; fileRef = 7D52068329956F5B007C2D6F /* UserProfileViewController.swift */; };
		7D52068629956F5B007C2D6F /* UserProfileViewController.xib in Resources */ = {isa = PBXBuildFile; fileRef = 7D52068429956F5B007C2D6F /* UserProfileViewController.xib */; };
		7D5B29E5299744390070151B /* MovieViewModel.swift in Sources */ = {isa = PBXBuildFile; fileRef = 7D5B29E4299744390070151B /* MovieViewModel.swift */; };
		7DFF791229959F4300FBF2AC /* MovieCollectionViewCell.swift in Sources */ = {isa = PBXBuildFile; fileRef = 7DFF791029959F4300FBF2AC /* MovieCollectionViewCell.swift */; };
		7DFF791329959F4300FBF2AC /* MovieCollectionViewCell.xib in Resources */ = {isa = PBXBuildFile; fileRef = 7DFF791129959F4300FBF2AC /* MovieCollectionViewCell.xib */; };
		7DFF791729962FDA00FBF2AC /* SwiftUtils.swift in Sources */ = {isa = PBXBuildFile; fileRef = 7DFF791629962FDA00FBF2AC /* SwiftUtils.swift */; };
/* End PBXBuildFile section */

/* Begin PBXFileReference section */
		0779BE723B4D1ABF802B9881 /* Pods-Coppel.debug.xcconfig */ = {isa = PBXFileReference; includeInIndex = 1; lastKnownFileType = text.xcconfig; name = "Pods-Coppel.debug.xcconfig"; path = "Target Support Files/Pods-Coppel/Pods-Coppel.debug.xcconfig"; sourceTree = "<group>"; };
		4D20019991CA7DBF948A3DB2 /* Pods-Coppel.release.xcconfig */ = {isa = PBXFileReference; includeInIndex = 1; lastKnownFileType = text.xcconfig; name = "Pods-Coppel.release.xcconfig"; path = "Target Support Files/Pods-Coppel/Pods-Coppel.release.xcconfig"; sourceTree = "<group>"; };
		7D0D4B2D2999C4D500DB7AB4 /* CompaniesCollectionViewCell.swift */ = {isa = PBXFileReference; lastKnownFileType = sourcecode.swift; path = CompaniesCollectionViewCell.swift; sourceTree = "<group>"; };
		7D0D4B2E2999C4D500DB7AB4 /* CompaniesCollectionViewCell.xib */ = {isa = PBXFileReference; lastKnownFileType = file.xib; path = CompaniesCollectionViewCell.xib; sourceTree = "<group>"; };
		7D0D4B312999D41C00DB7AB4 /* DetailViewForTV.swift */ = {isa = PBXFileReference; lastKnownFileType = sourcecode.swift; path = DetailViewForTV.swift; sourceTree = "<group>"; };
		7D3A685A2994BFCC002DE4F5 /* Coppel.app */ = {isa = PBXFileReference; explicitFileType = wrapper.application; includeInIndex = 0; path = Coppel.app; sourceTree = BUILT_PRODUCTS_DIR; };
		7D3A685D2994BFCC002DE4F5 /* AppDelegate.swift */ = {isa = PBXFileReference; lastKnownFileType = sourcecode.swift; path = AppDelegate.swift; sourceTree = "<group>"; };
		7D3A685F2994BFCC002DE4F5 /* SceneDelegate.swift */ = {isa = PBXFileReference; lastKnownFileType = sourcecode.swift; path = SceneDelegate.swift; sourceTree = "<group>"; };
		7D3A68612994BFCC002DE4F5 /* ViewController.swift */ = {isa = PBXFileReference; lastKnownFileType = sourcecode.swift; path = ViewController.swift; sourceTree = "<group>"; };
		7D3A68642994BFCC002DE4F5 /* Base */ = {isa = PBXFileReference; lastKnownFileType = file.storyboard; name = Base; path = Base.lproj/Main.storyboard; sourceTree = "<group>"; };
		7D3A68662994BFCE002DE4F5 /* Assets.xcassets */ = {isa = PBXFileReference; lastKnownFileType = folder.assetcatalog; path = Assets.xcassets; sourceTree = "<group>"; };
		7D3A68692994BFCE002DE4F5 /* Base */ = {isa = PBXFileReference; lastKnownFileType = file.storyboard; name = Base; path = Base.lproj/LaunchScreen.storyboard; sourceTree = "<group>"; };
		7D3A686B2994BFCE002DE4F5 /* Info.plist */ = {isa = PBXFileReference; lastKnownFileType = text.plist.xml; path = Info.plist; sourceTree = "<group>"; };
		7D3A68762994D0D1002DE4F5 /* HomeViewController.swift */ = {isa = PBXFileReference; lastKnownFileType = sourcecode.swift; path = HomeViewController.swift; sourceTree = "<group>"; };
		7D3A68772994D0D1002DE4F5 /* HomeViewController.xib */ = {isa = PBXFileReference; lastKnownFileType = file.xib; path = HomeViewController.xib; sourceTree = "<group>"; };
		7D3A687A2994D101002DE4F5 /* HomeInteractor.swift */ = {isa = PBXFileReference; lastKnownFileType = sourcecode.swift; path = HomeInteractor.swift; sourceTree = "<group>"; };
		7D3A687C2994D3EA002DE4F5 /* HomePresenter.swift */ = {isa = PBXFileReference; lastKnownFileType = sourcecode.swift; path = HomePresenter.swift; sourceTree = "<group>"; };
		7D3A687E2994D3FA002DE4F5 /* HomeRouter.swift */ = {isa = PBXFileReference; lastKnownFileType = sourcecode.swift; path = HomeRouter.swift; sourceTree = "<group>"; };
		7D3A68802994D40C002DE4F5 /* HomeEntity.swift */ = {isa = PBXFileReference; lastKnownFileType = sourcecode.swift; path = HomeEntity.swift; sourceTree = "<group>"; };
		7D49BC782998250A009241A4 /* HomeOnTheAirEntity.swift */ = {isa = PBXFileReference; lastKnownFileType = sourcecode.swift; path = HomeOnTheAirEntity.swift; sourceTree = "<group>"; };
		7D49BC7B2998708B009241A4 /* DetailViewEntity.swift */ = {isa = PBXFileReference; lastKnownFileType = sourcecode.swift; path = DetailViewEntity.swift; sourceTree = "<group>"; };
		7D49BC7E299871C7009241A4 /* DetailViewInteractor.swift */ = {isa = PBXFileReference; lastKnownFileType = sourcecode.swift; path = DetailViewInteractor.swift; sourceTree = "<group>"; };
		7D49BC81299871E8009241A4 /* DetailViewPresenter.swift */ = {isa = PBXFileReference; lastKnownFileType = sourcecode.swift; path = DetailViewPresenter.swift; sourceTree = "<group>"; };
		7D49BC8429987A22009241A4 /* DetailViewRouter.swift */ = {isa = PBXFileReference; lastKnownFileType = sourcecode.swift; path = DetailViewRouter.swift; sourceTree = "<group>"; };
		7D49BC872998862F009241A4 /* HomeProtocols.swift */ = {isa = PBXFileReference; lastKnownFileType = sourcecode.swift; path = HomeProtocols.swift; sourceTree = "<group>"; };
		7D49BC8A2998A182009241A4 /* UserProfileEntity.swift */ = {isa = PBXFileReference; lastKnownFileType = sourcecode.swift; path = UserProfileEntity.swift; sourceTree = "<group>"; };
		7D49BC8D2998A33A009241A4 /* UserProfileInteractor.swift */ = {isa = PBXFileReference; lastKnownFileType = sourcecode.swift; path = UserProfileInteractor.swift; sourceTree = "<group>"; };
		7D52067829956866007C2D6F /* LoginViewController.swift */ = {isa = PBXFileReference; lastKnownFileType = sourcecode.swift; path = LoginViewController.swift; sourceTree = "<group>"; };
		7D52067929956866007C2D6F /* LoginViewController.xib */ = {isa = PBXFileReference; lastKnownFileType = file.xib; path = LoginViewController.xib; sourceTree = "<group>"; };
		7D52067E29956D3D007C2D6F /* DetailViewController.swift */ = {isa = PBXFileReference; lastKnownFileType = sourcecode.swift; path = DetailViewController.swift; sourceTree = "<group>"; };
		7D52067F29956D3D007C2D6F /* DetailViewController.xib */ = {isa = PBXFileReference; lastKnownFileType = file.xib; path = DetailViewController.xib; sourceTree = "<group>"; };
		7D52068329956F5B007C2D6F /* UserProfileViewController.swift */ = {isa = PBXFileReference; lastKnownFileType = sourcecode.swift; path = UserProfileViewController.swift; sourceTree = "<group>"; };
		7D52068429956F5B007C2D6F /* UserProfileViewController.xib */ = {isa = PBXFileReference; lastKnownFileType = file.xib; path = UserProfileViewController.xib; sourceTree = "<group>"; };
		7D5B29E4299744390070151B /* MovieViewModel.swift */ = {isa = PBXFileReference; lastKnownFileType = sourcecode.swift; path = MovieViewModel.swift; sourceTree = "<group>"; };
		7DFF791029959F4300FBF2AC /* MovieCollectionViewCell.swift */ = {isa = PBXFileReference; lastKnownFileType = sourcecode.swift; path = MovieCollectionViewCell.swift; sourceTree = "<group>"; };
		7DFF791129959F4300FBF2AC /* MovieCollectionViewCell.xib */ = {isa = PBXFileReference; lastKnownFileType = file.xib; path = MovieCollectionViewCell.xib; sourceTree = "<group>"; };
		7DFF791629962FDA00FBF2AC /* SwiftUtils.swift */ = {isa = PBXFileReference; lastKnownFileType = sourcecode.swift; path = SwiftUtils.swift; sourceTree = "<group>"; };
		C01241E6FF38CA2555D5A988 /* Pods_Coppel.framework */ = {isa = PBXFileReference; explicitFileType = wrapper.framework; includeInIndex = 0; path = Pods_Coppel.framework; sourceTree = BUILT_PRODUCTS_DIR; };
/* End PBXFileReference section */

/* Begin PBXFrameworksBuildPhase section */
		7D3A68572994BFCC002DE4F5 /* Frameworks */ = {
			isa = PBXFrameworksBuildPhase;
			buildActionMask = 2147483647;
			files = (
				463120B8E7B7F8EA6F4DBF96 /* Pods_Coppel.framework in Frameworks */,
			);
			runOnlyForDeploymentPostprocessing = 0;
		};
/* End PBXFrameworksBuildPhase section */

/* Begin PBXGroup section */
		0771EB009D1D5934EA556935 /* Frameworks */ = {
			isa = PBXGroup;
			children = (
				C01241E6FF38CA2555D5A988 /* Pods_Coppel.framework */,
			);
			name = Frameworks;
			sourceTree = "<group>";
		};
		4B97107C0B666E8856D5F368 /* Pods */ = {
			isa = PBXGroup;
			children = (
				0779BE723B4D1ABF802B9881 /* Pods-Coppel.debug.xcconfig */,
				4D20019991CA7DBF948A3DB2 /* Pods-Coppel.release.xcconfig */,
			);
			path = Pods;
			sourceTree = "<group>";
		};
		7D0C8CD3299977160068C55C /* view */ = {
			isa = PBXGroup;
			children = (
				7D52068329956F5B007C2D6F /* UserProfileViewController.swift */,
				7D52068429956F5B007C2D6F /* UserProfileViewController.xib */,
			);
			path = view;
			sourceTree = "<group>";
		};
		7D0C8CD429998ABC0068C55C /* View */ = {
			isa = PBXGroup;
			children = (
				7D0D4B2C2999C43900DB7AB4 /* CompaniesCell */,
				7D52067F29956D3D007C2D6F /* DetailViewController.xib */,
				7D52067E29956D3D007C2D6F /* DetailViewController.swift */,
			);
			path = View;
			sourceTree = "<group>";
		};
		7D0C8CD529999A270068C55C /* view */ = {
			isa = PBXGroup;
			children = (
				7D52067829956866007C2D6F /* LoginViewController.swift */,
				7D52067929956866007C2D6F /* LoginViewController.xib */,
			);
			path = view;
			sourceTree = "<group>";
		};
		7D0D4B2C2999C43900DB7AB4 /* CompaniesCell */ = {
			isa = PBXGroup;
			children = (
				7D0D4B2D2999C4D500DB7AB4 /* CompaniesCollectionViewCell.swift */,
				7D0D4B2E2999C4D500DB7AB4 /* CompaniesCollectionViewCell.xib */,
			);
			path = CompaniesCell;
			sourceTree = "<group>";
		};
		7D3A68512994BFCC002DE4F5 = {
			isa = PBXGroup;
			children = (
				7D3A685C2994BFCC002DE4F5 /* Coppel */,
				7D3A685B2994BFCC002DE4F5 /* Products */,
				4B97107C0B666E8856D5F368 /* Pods */,
				0771EB009D1D5934EA556935 /* Frameworks */,
			);
			sourceTree = "<group>";
		};
		7D3A685B2994BFCC002DE4F5 /* Products */ = {
			isa = PBXGroup;
			children = (
				7D3A685A2994BFCC002DE4F5 /* Coppel.app */,
			);
			name = Products;
			sourceTree = "<group>";
		};
		7D3A685C2994BFCC002DE4F5 /* Coppel */ = {
			isa = PBXGroup;
			children = (
				7D49BC7729981B80009241A4 /* HOME */,
				7D5B29E1299743D90070151B /* ViewModels */,
				7DFF791529962FBA00FBF2AC /* SwiftUtils */,
				7D52068229956F3C007C2D6F /* UserProfile */,
				7D52067C299568A4007C2D6F /* LoginView */,
				7D52067D29956D18007C2D6F /* DetailView */,
				7D3A685F2994BFCC002DE4F5 /* SceneDelegate.swift */,
				7D3A685D2994BFCC002DE4F5 /* AppDelegate.swift */,
				7D3A68612994BFCC002DE4F5 /* ViewController.swift */,
				7D3A68632994BFCC002DE4F5 /* Main.storyboard */,
				7D3A68662994BFCE002DE4F5 /* Assets.xcassets */,
				7D3A68682994BFCE002DE4F5 /* LaunchScreen.storyboard */,
				7D3A686B2994BFCE002DE4F5 /* Info.plist */,
			);
			path = Coppel;
			sourceTree = "<group>";
		};
		7D3A68712994C56C002DE4F5 /* View */ = {
			isa = PBXGroup;
			children = (
				7DFF790F29959EA700FBF2AC /* ColectioViewCell */,
				7D3A68762994D0D1002DE4F5 /* HomeViewController.swift */,
				7D3A68772994D0D1002DE4F5 /* HomeViewController.xib */,
			);
			path = View;
			sourceTree = "<group>";
		};
		7D3A68722994C57E002DE4F5 /* Interactor */ = {
			isa = PBXGroup;
			children = (
				7D3A687A2994D101002DE4F5 /* HomeInteractor.swift */,
			);
			path = Interactor;
			sourceTree = "<group>";
		};
		7D3A68732994C58F002DE4F5 /* Presenter */ = {
			isa = PBXGroup;
			children = (
				7D3A687C2994D3EA002DE4F5 /* HomePresenter.swift */,
			);
			path = Presenter;
			sourceTree = "<group>";
		};
		7D3A68742994C597002DE4F5 /* Entity */ = {
			isa = PBXGroup;
			children = (
				7D3A68802994D40C002DE4F5 /* HomeEntity.swift */,
				7D49BC782998250A009241A4 /* HomeOnTheAirEntity.swift */,
			);
			path = Entity;
			sourceTree = "<group>";
		};
		7D3A68752994C5A2002DE4F5 /* Router */ = {
			isa = PBXGroup;
			children = (
				7D3A687E2994D3FA002DE4F5 /* HomeRouter.swift */,
			);
			path = Router;
			sourceTree = "<group>";
		};
		7D49BC7729981B80009241A4 /* HOME */ = {
			isa = PBXGroup;
			children = (
				7D49BC862998861A009241A4 /* Protocols */,
				7D3A68732994C58F002DE4F5 /* Presenter */,
				7D3A68752994C5A2002DE4F5 /* Router */,
				7D3A68742994C597002DE4F5 /* Entity */,
				7D3A68722994C57E002DE4F5 /* Interactor */,
				7D3A68712994C56C002DE4F5 /* View */,
			);
			path = HOME;
			sourceTree = "<group>";
		};
		7D49BC7A29987069009241A4 /* Entity */ = {
			isa = PBXGroup;
			children = (
				7D49BC7B2998708B009241A4 /* DetailViewEntity.swift */,
				7D0D4B312999D41C00DB7AB4 /* DetailViewForTV.swift */,
			);
			path = Entity;
			sourceTree = "<group>";
		};
		7D49BC7D299871AA009241A4 /* Interactor */ = {
			isa = PBXGroup;
			children = (
				7D49BC7E299871C7009241A4 /* DetailViewInteractor.swift */,
			);
			path = Interactor;
			sourceTree = "<group>";
		};
		7D49BC80299871D4009241A4 /* Presenter */ = {
			isa = PBXGroup;
			children = (
				7D49BC81299871E8009241A4 /* DetailViewPresenter.swift */,
			);
			path = Presenter;
			sourceTree = "<group>";
		};
		7D49BC8329987A0A009241A4 /* Router */ = {
			isa = PBXGroup;
			children = (
				7D49BC8429987A22009241A4 /* DetailViewRouter.swift */,
			);
			path = Router;
			sourceTree = "<group>";
		};
		7D49BC862998861A009241A4 /* Protocols */ = {
			isa = PBXGroup;
			children = (
				7D49BC872998862F009241A4 /* HomeProtocols.swift */,
			);
			path = Protocols;
			sourceTree = "<group>";
		};
		7D49BC892998A16A009241A4 /* Entity */ = {
			isa = PBXGroup;
			children = (
				7D49BC8A2998A182009241A4 /* UserProfileEntity.swift */,
			);
			path = Entity;
			sourceTree = "<group>";
		};
		7D49BC8C2998A31D009241A4 /* Interactor */ = {
			isa = PBXGroup;
			children = (
				7D49BC8D2998A33A009241A4 /* UserProfileInteractor.swift */,
			);
			path = Interactor;
			sourceTree = "<group>";
		};
		7D52067C299568A4007C2D6F /* LoginView */ = {
			isa = PBXGroup;
			children = (
				7D0C8CD529999A270068C55C /* view */,
			);
			path = LoginView;
			sourceTree = "<group>";
		};
		7D52067D29956D18007C2D6F /* DetailView */ = {
			isa = PBXGroup;
			children = (
				7D0C8CD429998ABC0068C55C /* View */,
				7D49BC8329987A0A009241A4 /* Router */,
				7D49BC80299871D4009241A4 /* Presenter */,
				7D49BC7D299871AA009241A4 /* Interactor */,
				7D49BC7A29987069009241A4 /* Entity */,
			);
			path = DetailView;
			sourceTree = "<group>";
		};
		7D52068229956F3C007C2D6F /* UserProfile */ = {
			isa = PBXGroup;
			children = (
				7D0C8CD3299977160068C55C /* view */,
				7D49BC8C2998A31D009241A4 /* Interactor */,
				7D49BC892998A16A009241A4 /* Entity */,
			);
			path = UserProfile;
			sourceTree = "<group>";
		};
		7D5B29E1299743D90070151B /* ViewModels */ = {
			isa = PBXGroup;
			children = (
				7D5B29E4299744390070151B /* MovieViewModel.swift */,
			);
			path = ViewModels;
			sourceTree = "<group>";
		};
		7DFF790F29959EA700FBF2AC /* ColectioViewCell */ = {
			isa = PBXGroup;
			children = (
				7DFF791029959F4300FBF2AC /* MovieCollectionViewCell.swift */,
				7DFF791129959F4300FBF2AC /* MovieCollectionViewCell.xib */,
			);
			path = ColectioViewCell;
			sourceTree = "<group>";
		};
		7DFF791529962FBA00FBF2AC /* SwiftUtils */ = {
			isa = PBXGroup;
			children = (
				7DFF791629962FDA00FBF2AC /* SwiftUtils.swift */,
			);
			path = SwiftUtils;
			sourceTree = "<group>";
		};
/* End PBXGroup section */

/* Begin PBXNativeTarget section */
		7D3A68592994BFCC002DE4F5 /* Coppel */ = {
			isa = PBXNativeTarget;
			buildConfigurationList = 7D3A686E2994BFCE002DE4F5 /* Build configuration list for PBXNativeTarget "Coppel" */;
			buildPhases = (
				60F6885AB491C8B57A211488 /* [CP] Check Pods Manifest.lock */,
				7D3A68562994BFCC002DE4F5 /* Sources */,
				7D3A68572994BFCC002DE4F5 /* Frameworks */,
				7D3A68582994BFCC002DE4F5 /* Resources */,
				24E37EE8E2FBEBEFABD5821A /* [CP] Embed Pods Frameworks */,
			);
			buildRules = (
			);
			dependencies = (
			);
			name = Coppel;
			productName = Coppel;
			productReference = 7D3A685A2994BFCC002DE4F5 /* Coppel.app */;
			productType = "com.apple.product-type.application";
		};
/* End PBXNativeTarget section */

/* Begin PBXProject section */
		7D3A68522994BFCC002DE4F5 /* Project object */ = {
			isa = PBXProject;
			attributes = {
				BuildIndependentTargetsInParallel = 1;
				LastSwiftUpdateCheck = 1340;
				LastUpgradeCheck = 1340;
				TargetAttributes = {
					7D3A68592994BFCC002DE4F5 = {
						CreatedOnToolsVersion = 13.4.1;
					};
				};
			};
			buildConfigurationList = 7D3A68552994BFCC002DE4F5 /* Build configuration list for PBXProject "Coppel" */;
			compatibilityVersion = "Xcode 13.0";
			developmentRegion = en;
			hasScannedForEncodings = 0;
			knownRegions = (
				en,
				Base,
			);
			mainGroup = 7D3A68512994BFCC002DE4F5;
			productRefGroup = 7D3A685B2994BFCC002DE4F5 /* Products */;
			projectDirPath = "";
			projectRoot = "";
			targets = (
				7D3A68592994BFCC002DE4F5 /* Coppel */,
			);
		};
/* End PBXProject section */

/* Begin PBXResourcesBuildPhase section */
		7D3A68582994BFCC002DE4F5 /* Resources */ = {
			isa = PBXResourcesBuildPhase;
			buildActionMask = 2147483647;
			files = (
				7D0D4B302999C4D500DB7AB4 /* CompaniesCollectionViewCell.xib in Resources */,
				7D52067B29956866007C2D6F /* LoginViewController.xib in Resources */,
				7D52068129956D3D007C2D6F /* DetailViewController.xib in Resources */,
				7D3A686A2994BFCE002DE4F5 /* LaunchScreen.storyboard in Resources */,
				7DFF791329959F4300FBF2AC /* MovieCollectionViewCell.xib in Resources */,
				7D3A68672994BFCE002DE4F5 /* Assets.xcassets in Resources */,
				7D3A68652994BFCC002DE4F5 /* Main.storyboard in Resources */,
				7D3A68792994D0D1002DE4F5 /* HomeViewController.xib in Resources */,
				7D52068629956F5B007C2D6F /* UserProfileViewController.xib in Resources */,
			);
			runOnlyForDeploymentPostprocessing = 0;
		};
/* End PBXResourcesBuildPhase section */

/* Begin PBXShellScriptBuildPhase section */
		24E37EE8E2FBEBEFABD5821A /* [CP] Embed Pods Frameworks */ = {
			isa = PBXShellScriptBuildPhase;
			buildActionMask = 2147483647;
			files = (
			);
			inputFileListPaths = (
				"${PODS_ROOT}/Target Support Files/Pods-Coppel/Pods-Coppel-frameworks-${CONFIGURATION}-input-files.xcfilelist",
			);
			name = "[CP] Embed Pods Frameworks";
			outputFileListPaths = (
				"${PODS_ROOT}/Target Support Files/Pods-Coppel/Pods-Coppel-frameworks-${CONFIGURATION}-output-files.xcfilelist",
			);
			runOnlyForDeploymentPostprocessing = 0;
			shellPath = /bin/sh;
			shellScript = "\"${PODS_ROOT}/Target Support Files/Pods-Coppel/Pods-Coppel-frameworks.sh\"\n";
			showEnvVarsInLog = 0;
		};
		60F6885AB491C8B57A211488 /* [CP] Check Pods Manifest.lock */ = {
			isa = PBXShellScriptBuildPhase;
			buildActionMask = 2147483647;
			files = (
			);
			inputFileListPaths = (
			);
			inputPaths = (
				"${PODS_PODFILE_DIR_PATH}/Podfile.lock",
				"${PODS_ROOT}/Manifest.lock",
			);
			name = "[CP] Check Pods Manifest.lock";
			outputFileListPaths = (
			);
			outputPaths = (
				"$(DERIVED_FILE_DIR)/Pods-Coppel-checkManifestLockResult.txt",
			);
			runOnlyForDeploymentPostprocessing = 0;
			shellPath = /bin/sh;
			shellScript = "diff \"${PODS_PODFILE_DIR_PATH}/Podfile.lock\" \"${PODS_ROOT}/Manifest.lock\" > /dev/null\nif [ $? != 0 ] ; then\n    # print error to STDERR\n    echo \"error: The sandbox is not in sync with the Podfile.lock. Run 'pod install' or update your CocoaPods installation.\" >&2\n    exit 1\nfi\n# This output is used by Xcode 'outputs' to avoid re-running this script phase.\necho \"SUCCESS\" > \"${SCRIPT_OUTPUT_FILE_0}\"\n";
			showEnvVarsInLog = 0;
		};
/* End PBXShellScriptBuildPhase section */

/* Begin PBXSourcesBuildPhase section */
		7D3A68562994BFCC002DE4F5 /* Sources */ = {
			isa = PBXSourcesBuildPhase;
			buildActionMask = 2147483647;
			files = (
				7D52067A29956866007C2D6F /* LoginViewController.swift in Sources */,
				7D49BC8E2998A33A009241A4 /* UserProfileInteractor.swift in Sources */,
				7D0D4B2F2999C4D500DB7AB4 /* CompaniesCollectionViewCell.swift in Sources */,
				7D3A68622994BFCC002DE4F5 /* ViewController.swift in Sources */,
				7D49BC7C2998708B009241A4 /* DetailViewEntity.swift in Sources */,
				7D3A68812994D40C002DE4F5 /* HomeEntity.swift in Sources */,
				7DFF791729962FDA00FBF2AC /* SwiftUtils.swift in Sources */,
				7D0D4B322999D41C00DB7AB4 /* DetailViewForTV.swift in Sources */,
				7DFF791229959F4300FBF2AC /* MovieCollectionViewCell.swift in Sources */,
				7D49BC8B2998A182009241A4 /* UserProfileEntity.swift in Sources */,
				7D3A685E2994BFCC002DE4F5 /* AppDelegate.swift in Sources */,
				7D49BC792998250A009241A4 /* HomeOnTheAirEntity.swift in Sources */,
				7D5B29E5299744390070151B /* MovieViewModel.swift in Sources */,
				7D3A687F2994D3FA002DE4F5 /* HomeRouter.swift in Sources */,
				7D3A68602994BFCC002DE4F5 /* SceneDelegate.swift in Sources */,
				7D3A687D2994D3EA002DE4F5 /* HomePresenter.swift in Sources */,
				7D52068029956D3D007C2D6F /* DetailViewController.swift in Sources */,
				7D49BC882998862F009241A4 /* HomeProtocols.swift in Sources */,
				7D49BC8529987A22009241A4 /* DetailViewRouter.swift in Sources */,
				7D49BC7F299871C7009241A4 /* DetailViewInteractor.swift in Sources */,
				7D3A687B2994D101002DE4F5 /* HomeInteractor.swift in Sources */,
				7D52068529956F5B007C2D6F /* UserProfileViewController.swift in Sources */,
				7D49BC82299871E8009241A4 /* DetailViewPresenter.swift in Sources */,
				7D3A68782994D0D1002DE4F5 /* HomeViewController.swift in Sources */,
			);
			runOnlyForDeploymentPostprocessing = 0;
		};
/* End PBXSourcesBuildPhase section */

/* Begin PBXVariantGroup section */
		7D3A68632994BFCC002DE4F5 /* Main.storyboard */ = {
			isa = PBXVariantGroup;
			children = (
				7D3A68642994BFCC002DE4F5 /* Base */,
			);
			name = Main.storyboard;
			sourceTree = "<group>";
		};
		7D3A68682994BFCE002DE4F5 /* LaunchScreen.storyboard */ = {
			isa = PBXVariantGroup;
			children = (
				7D3A68692994BFCE002DE4F5 /* Base */,
			);
			name = LaunchScreen.storyboard;
			sourceTree = "<group>";
		};
/* End PBXVariantGroup section */

/* Begin XCBuildConfiguration section */
		7D3A686C2994BFCE002DE4F5 /* Debug */ = {
			isa = XCBuildConfiguration;
			buildSettings = {
				ALWAYS_SEARCH_USER_PATHS = NO;
				CLANG_ANALYZER_NONNULL = YES;
				CLANG_ANALYZER_NUMBER_OBJECT_CONVERSION = YES_AGGRESSIVE;
				CLANG_CXX_LANGUAGE_STANDARD = "gnu++17";
				CLANG_ENABLE_MODULES = YES;
				CLANG_ENABLE_OBJC_ARC = YES;
				CLANG_ENABLE_OBJC_WEAK = YES;
				CLANG_WARN_BLOCK_CAPTURE_AUTORELEASING = YES;
				CLANG_WARN_BOOL_CONVERSION = YES;
				CLANG_WARN_COMMA = YES;
				CLANG_WARN_CONSTANT_CONVERSION = YES;
				CLANG_WARN_DEPRECATED_OBJC_IMPLEMENTATIONS = YES;
				CLANG_WARN_DIRECT_OBJC_ISA_USAGE = YES_ERROR;
				CLANG_WARN_DOCUMENTATION_COMMENTS = YES;
				CLANG_WARN_EMPTY_BODY = YES;
				CLANG_WARN_ENUM_CONVERSION = YES;
				CLANG_WARN_INFINITE_RECURSION = YES;
				CLANG_WARN_INT_CONVERSION = YES;
				CLANG_WARN_NON_LITERAL_NULL_CONVERSION = YES;
				CLANG_WARN_OBJC_IMPLICIT_RETAIN_SELF = YES;
				CLANG_WARN_OBJC_LITERAL_CONVERSION = YES;
				CLANG_WARN_OBJC_ROOT_CLASS = YES_ERROR;
				CLANG_WARN_QUOTED_INCLUDE_IN_FRAMEWORK_HEADER = YES;
				CLANG_WARN_RANGE_LOOP_ANALYSIS = YES;
				CLANG_WARN_STRICT_PROTOTYPES = YES;
				CLANG_WARN_SUSPICIOUS_MOVE = YES;
				CLANG_WARN_UNGUARDED_AVAILABILITY = YES_AGGRESSIVE;
				CLANG_WARN_UNREACHABLE_CODE = YES;
				CLANG_WARN__DUPLICATE_METHOD_MATCH = YES;
				COPY_PHASE_STRIP = NO;
				DEBUG_INFORMATION_FORMAT = dwarf;
				ENABLE_STRICT_OBJC_MSGSEND = YES;
				ENABLE_TESTABILITY = YES;
				GCC_C_LANGUAGE_STANDARD = gnu11;
				GCC_DYNAMIC_NO_PIC = NO;
				GCC_NO_COMMON_BLOCKS = YES;
				GCC_OPTIMIZATION_LEVEL = 0;
				GCC_PREPROCESSOR_DEFINITIONS = (
					"DEBUG=1",
					"$(inherited)",
				);
				GCC_WARN_64_TO_32_BIT_CONVERSION = YES;
				GCC_WARN_ABOUT_RETURN_TYPE = YES_ERROR;
				GCC_WARN_UNDECLARED_SELECTOR = YES;
				GCC_WARN_UNINITIALIZED_AUTOS = YES_AGGRESSIVE;
				GCC_WARN_UNUSED_FUNCTION = YES;
				GCC_WARN_UNUSED_VARIABLE = YES;
				IPHONEOS_DEPLOYMENT_TARGET = 15.5;
				MTL_ENABLE_DEBUG_INFO = INCLUDE_SOURCE;
				MTL_FAST_MATH = YES;
				ONLY_ACTIVE_ARCH = YES;
				SDKROOT = iphoneos;
				SWIFT_ACTIVE_COMPILATION_CONDITIONS = DEBUG;
				SWIFT_OPTIMIZATION_LEVEL = "-Onone";
			};
			name = Debug;
		};
		7D3A686D2994BFCE002DE4F5 /* Release */ = {
			isa = XCBuildConfiguration;
			buildSettings = {
				ALWAYS_SEARCH_USER_PATHS = NO;
				CLANG_ANALYZER_NONNULL = YES;
				CLANG_ANALYZER_NUMBER_OBJECT_CONVERSION = YES_AGGRESSIVE;
				CLANG_CXX_LANGUAGE_STANDARD = "gnu++17";
				CLANG_ENABLE_MODULES = YES;
				CLANG_ENABLE_OBJC_ARC = YES;
				CLANG_ENABLE_OBJC_WEAK = YES;
				CLANG_WARN_BLOCK_CAPTURE_AUTORELEASING = YES;
				CLANG_WARN_BOOL_CONVERSION = YES;
				CLANG_WARN_COMMA = YES;
				CLANG_WARN_CONSTANT_CONVERSION = YES;
				CLANG_WARN_DEPRECATED_OBJC_IMPLEMENTATIONS = YES;
				CLANG_WARN_DIRECT_OBJC_ISA_USAGE = YES_ERROR;
				CLANG_WARN_DOCUMENTATION_COMMENTS = YES;
				CLANG_WARN_EMPTY_BODY = YES;
				CLANG_WARN_ENUM_CONVERSION = YES;
				CLANG_WARN_INFINITE_RECURSION = YES;
				CLANG_WARN_INT_CONVERSION = YES;
				CLANG_WARN_NON_LITERAL_NULL_CONVERSION = YES;
				CLANG_WARN_OBJC_IMPLICIT_RETAIN_SELF = YES;
				CLANG_WARN_OBJC_LITERAL_CONVERSION = YES;
				CLANG_WARN_OBJC_ROOT_CLASS = YES_ERROR;
				CLANG_WARN_QUOTED_INCLUDE_IN_FRAMEWORK_HEADER = YES;
				CLANG_WARN_RANGE_LOOP_ANALYSIS = YES;
				CLANG_WARN_STRICT_PROTOTYPES = YES;
				CLANG_WARN_SUSPICIOUS_MOVE = YES;
				CLANG_WARN_UNGUARDED_AVAILABILITY = YES_AGGRESSIVE;
				CLANG_WARN_UNREACHABLE_CODE = YES;
				CLANG_WARN__DUPLICATE_METHOD_MATCH = YES;
				COPY_PHASE_STRIP = NO;
				DEBUG_INFORMATION_FORMAT = "dwarf-with-dsym";
				ENABLE_NS_ASSERTIONS = NO;
				ENABLE_STRICT_OBJC_MSGSEND = YES;
				GCC_C_LANGUAGE_STANDARD = gnu11;
				GCC_NO_COMMON_BLOCKS = YES;
				GCC_WARN_64_TO_32_BIT_CONVERSION = YES;
				GCC_WARN_ABOUT_RETURN_TYPE = YES_ERROR;
				GCC_WARN_UNDECLARED_SELECTOR = YES;
				GCC_WARN_UNINITIALIZED_AUTOS = YES_AGGRESSIVE;
				GCC_WARN_UNUSED_FUNCTION = YES;
				GCC_WARN_UNUSED_VARIABLE = YES;
				IPHONEOS_DEPLOYMENT_TARGET = 15.5;
				MTL_ENABLE_DEBUG_INFO = NO;
				MTL_FAST_MATH = YES;
				SDKROOT = iphoneos;
				SWIFT_COMPILATION_MODE = wholemodule;
				SWIFT_OPTIMIZATION_LEVEL = "-O";
				VALIDATE_PRODUCT = YES;
			};
			name = Release;
		};
		7D3A686F2994BFCE002DE4F5 /* Debug */ = {
			isa = XCBuildConfiguration;
			baseConfigurationReference = 0779BE723B4D1ABF802B9881 /* Pods-Coppel.debug.xcconfig */;
			buildSettings = {
				ASSETCATALOG_COMPILER_APPICON_NAME = AppIcon;
				ASSETCATALOG_COMPILER_GLOBAL_ACCENT_COLOR_NAME = AccentColor;
				CODE_SIGN_STYLE = Automatic;
				CURRENT_PROJECT_VERSION = 1;
				GENERATE_INFOPLIST_FILE = YES;
				INFOPLIST_FILE = Coppel/Info.plist;
				INFOPLIST_KEY_UIApplicationSupportsIndirectInputEvents = YES;
				INFOPLIST_KEY_UILaunchStoryboardName = LaunchScreen;
				INFOPLIST_KEY_UIMainStoryboardFile = Main;
				INFOPLIST_KEY_UISupportedInterfaceOrientations_iPad = "UIInterfaceOrientationPortrait UIInterfaceOrientationPortraitUpsideDown UIInterfaceOrientationLandscapeLeft UIInterfaceOrientationLandscapeRight";
				INFOPLIST_KEY_UISupportedInterfaceOrientations_iPhone = "UIInterfaceOrientationPortrait UIInterfaceOrientationLandscapeLeft UIInterfaceOrientationLandscapeRight";
				LD_RUNPATH_SEARCH_PATHS = (
					"$(inherited)",
					"@executable_path/Frameworks",
				);
				MARKETING_VERSION = 1.0;
				PRODUCT_BUNDLE_IDENTIFIER = com.JsoftExperience.AppsDemo.Coppel;
				PRODUCT_NAME = "$(TARGET_NAME)";
				SWIFT_EMIT_LOC_STRINGS = YES;
				SWIFT_VERSION = 5.0;
				TARGETED_DEVICE_FAMILY = "1,2";
			};
			name = Debug;
		};
		7D3A68702994BFCE002DE4F5 /* Release */ = {
			isa = XCBuildConfiguration;
			baseConfigurationReference = 4D20019991CA7DBF948A3DB2 /* Pods-Coppel.release.xcconfig */;
			buildSettings = {
				ASSETCATALOG_COMPILER_APPICON_NAME = AppIcon;
				ASSETCATALOG_COMPILER_GLOBAL_ACCENT_COLOR_NAME = AccentColor;
				CODE_SIGN_STYLE = Automatic;
				CURRENT_PROJECT_VERSION = 1;
				GENERATE_INFOPLIST_FILE = YES;
				INFOPLIST_FILE = Coppel/Info.plist;
				INFOPLIST_KEY_UIApplicationSupportsIndirectInputEvents = YES;
				INFOPLIST_KEY_UILaunchStoryboardName = LaunchScreen;
				INFOPLIST_KEY_UIMainStoryboardFile = Main;
				INFOPLIST_KEY_UISupportedInterfaceOrientations_iPad = "UIInterfaceOrientationPortrait UIInterfaceOrientationPortraitUpsideDown UIInterfaceOrientationLandscapeLeft UIInterfaceOrientationLandscapeRight";
				INFOPLIST_KEY_UISupportedInterfaceOrientations_iPhone = "UIInterfaceOrientationPortrait UIInterfaceOrientationLandscapeLeft UIInterfaceOrientationLandscapeRight";
				LD_RUNPATH_SEARCH_PATHS = (
					"$(inherited)",
					"@executable_path/Frameworks",
				);
				MARKETING_VERSION = 1.0;
				PRODUCT_BUNDLE_IDENTIFIER = com.JsoftExperience.AppsDemo.Coppel;
				PRODUCT_NAME = "$(TARGET_NAME)";
				SWIFT_EMIT_LOC_STRINGS = YES;
				SWIFT_VERSION = 5.0;
				TARGETED_DEVICE_FAMILY = "1,2";
			};
			name = Release;
		};
/* End XCBuildConfiguration section */

/* Begin XCConfigurationList section */
		7D3A68552994BFCC002DE4F5 /* Build configuration list for PBXProject "Coppel" */ = {
			isa = XCConfigurationList;
			buildConfigurations = (
				7D3A686C2994BFCE002DE4F5 /* Debug */,
				7D3A686D2994BFCE002DE4F5 /* Release */,
			);
			defaultConfigurationIsVisible = 0;
			defaultConfigurationName = Release;
		};
		7D3A686E2994BFCE002DE4F5 /* Build configuration list for PBXNativeTarget "Coppel" */ = {
			isa = XCConfigurationList;
			buildConfigurations = (
				7D3A686F2994BFCE002DE4F5 /* Debug */,
				7D3A68702994BFCE002DE4F5 /* Release */,
			);
			defaultConfigurationIsVisible = 0;
			defaultConfigurationName = Release;
		};
/* End XCConfigurationList section */
	};
	rootObject = 7D3A68522994BFCC002DE4F5 /* Project object */;
}
